// !$*UTF8*$!
{
	archiveVersion = 1;
	classes = {
	};
	objectVersion = 51;
	objects = {

/* Begin PBXBuildFile section */
		628B078CC1546FF4F6BC87A2 /* Pods_BabylonDemoApp.framework in Frameworks */ = {isa = PBXBuildFile; fileRef = 6E4CECB51F0BC9255A5893CB /* Pods_BabylonDemoApp.framework */; };
		8F7FB4AB2358AAD400E75BCE /* AppDelegate.swift in Sources */ = {isa = PBXBuildFile; fileRef = 8F7FB4AA2358AAD400E75BCE /* AppDelegate.swift */; };
		8F7FB4AD2358AAD400E75BCE /* ViewController.swift in Sources */ = {isa = PBXBuildFile; fileRef = 8F7FB4AC2358AAD400E75BCE /* ViewController.swift */; };
		8F7FB4B02358AAD400E75BCE /* Main.storyboard in Resources */ = {isa = PBXBuildFile; fileRef = 8F7FB4AE2358AAD400E75BCE /* Main.storyboard */; };
		8F7FB4B22358AAD500E75BCE /* Assets.xcassets in Resources */ = {isa = PBXBuildFile; fileRef = 8F7FB4B12358AAD500E75BCE /* Assets.xcassets */; };
		8F7FB4B52358AAD500E75BCE /* LaunchScreen.storyboard in Resources */ = {isa = PBXBuildFile; fileRef = 8F7FB4B32358AAD500E75BCE /* LaunchScreen.storyboard */; };
		8F7FB4C02358AAD500E75BCE /* BabylonDemoAppTests.swift in Sources */ = {isa = PBXBuildFile; fileRef = 8F7FB4BF2358AAD500E75BCE /* BabylonDemoAppTests.swift */; };
		8F7FB4CB2358AAD500E75BCE /* BabylonDemoAppUITests.swift in Sources */ = {isa = PBXBuildFile; fileRef = 8F7FB4CA2358AAD500E75BCE /* BabylonDemoAppUITests.swift */; };
/* End PBXBuildFile section */

/* Begin PBXContainerItemProxy section */
		8F7FB4BC2358AAD500E75BCE /* PBXContainerItemProxy */ = {
			isa = PBXContainerItemProxy;
			containerPortal = 8F7FB49F2358AAD400E75BCE /* Project object */;
			proxyType = 1;
			remoteGlobalIDString = 8F7FB4A62358AAD400E75BCE;
			remoteInfo = BabylonDemoApp;
		};
		8F7FB4C72358AAD500E75BCE /* PBXContainerItemProxy */ = {
			isa = PBXContainerItemProxy;
			containerPortal = 8F7FB49F2358AAD400E75BCE /* Project object */;
			proxyType = 1;
			remoteGlobalIDString = 8F7FB4A62358AAD400E75BCE;
			remoteInfo = BabylonDemoApp;
		};
/* End PBXContainerItemProxy section */

/* Begin PBXFileReference section */
		47288AC1209510955D94DAE4 /* Pods-BabylonDemoApp.release.xcconfig */ = {isa = PBXFileReference; includeInIndex = 1; lastKnownFileType = text.xcconfig; name = "Pods-BabylonDemoApp.release.xcconfig"; path = "Target Support Files/Pods-BabylonDemoApp/Pods-BabylonDemoApp.release.xcconfig"; sourceTree = "<group>"; };
		6E4CECB51F0BC9255A5893CB /* Pods_BabylonDemoApp.framework */ = {isa = PBXFileReference; explicitFileType = wrapper.framework; includeInIndex = 0; path = Pods_BabylonDemoApp.framework; sourceTree = BUILT_PRODUCTS_DIR; };
		8F7FB4A72358AAD400E75BCE /* BabylonDemoApp.app */ = {isa = PBXFileReference; explicitFileType = wrapper.application; includeInIndex = 0; path = BabylonDemoApp.app; sourceTree = BUILT_PRODUCTS_DIR; };
		8F7FB4AA2358AAD400E75BCE /* AppDelegate.swift */ = {isa = PBXFileReference; lastKnownFileType = sourcecode.swift; path = AppDelegate.swift; sourceTree = "<group>"; };
		8F7FB4AC2358AAD400E75BCE /* ViewController.swift */ = {isa = PBXFileReference; lastKnownFileType = sourcecode.swift; path = ViewController.swift; sourceTree = "<group>"; };
		8F7FB4AF2358AAD400E75BCE /* Base */ = {isa = PBXFileReference; lastKnownFileType = file.storyboard; name = Base; path = Base.lproj/Main.storyboard; sourceTree = "<group>"; };
		8F7FB4B12358AAD500E75BCE /* Assets.xcassets */ = {isa = PBXFileReference; lastKnownFileType = folder.assetcatalog; path = Assets.xcassets; sourceTree = "<group>"; };
		8F7FB4B42358AAD500E75BCE /* Base */ = {isa = PBXFileReference; lastKnownFileType = file.storyboard; name = Base; path = Base.lproj/LaunchScreen.storyboard; sourceTree = "<group>"; };
		8F7FB4B62358AAD500E75BCE /* Info.plist */ = {isa = PBXFileReference; lastKnownFileType = text.plist.xml; path = Info.plist; sourceTree = "<group>"; };
		8F7FB4BB2358AAD500E75BCE /* BabylonDemoAppTests.xctest */ = {isa = PBXFileReference; explicitFileType = wrapper.cfbundle; includeInIndex = 0; path = BabylonDemoAppTests.xctest; sourceTree = BUILT_PRODUCTS_DIR; };
		8F7FB4BF2358AAD500E75BCE /* BabylonDemoAppTests.swift */ = {isa = PBXFileReference; lastKnownFileType = sourcecode.swift; path = BabylonDemoAppTests.swift; sourceTree = "<group>"; };
		8F7FB4C12358AAD500E75BCE /* Info.plist */ = {isa = PBXFileReference; lastKnownFileType = text.plist.xml; path = Info.plist; sourceTree = "<group>"; };
		8F7FB4C62358AAD500E75BCE /* BabylonDemoAppUITests.xctest */ = {isa = PBXFileReference; explicitFileType = wrapper.cfbundle; includeInIndex = 0; path = BabylonDemoAppUITests.xctest; sourceTree = BUILT_PRODUCTS_DIR; };
		8F7FB4CA2358AAD500E75BCE /* BabylonDemoAppUITests.swift */ = {isa = PBXFileReference; lastKnownFileType = sourcecode.swift; path = BabylonDemoAppUITests.swift; sourceTree = "<group>"; };
		8F7FB4CC2358AAD500E75BCE /* Info.plist */ = {isa = PBXFileReference; lastKnownFileType = text.plist.xml; path = Info.plist; sourceTree = "<group>"; };
		F9775DED845DB2D30C562170 /* Pods-BabylonDemoApp.debug.xcconfig */ = {isa = PBXFileReference; includeInIndex = 1; lastKnownFileType = text.xcconfig; name = "Pods-BabylonDemoApp.debug.xcconfig"; path = "Target Support Files/Pods-BabylonDemoApp/Pods-BabylonDemoApp.debug.xcconfig"; sourceTree = "<group>"; };
/* End PBXFileReference section */

/* Begin PBXFrameworksBuildPhase section */
		8F7FB4A42358AAD400E75BCE /* Frameworks */ = {
			isa = PBXFrameworksBuildPhase;
			buildActionMask = 2147483647;
			files = (
				628B078CC1546FF4F6BC87A2 /* Pods_BabylonDemoApp.framework in Frameworks */,
			);
			runOnlyForDeploymentPostprocessing = 0;
		};
		8F7FB4B82358AAD500E75BCE /* Frameworks */ = {
			isa = PBXFrameworksBuildPhase;
			buildActionMask = 2147483647;
			files = (
			);
			runOnlyForDeploymentPostprocessing = 0;
		};
		8F7FB4C32358AAD500E75BCE /* Frameworks */ = {
			isa = PBXFrameworksBuildPhase;
			buildActionMask = 2147483647;
			files = (
			);
			runOnlyForDeploymentPostprocessing = 0;
		};
/* End PBXFrameworksBuildPhase section */

/* Begin PBXGroup section */
		2DAD3B1341C1382072E56CED /* Pods */ = {
			isa = PBXGroup;
			children = (
				F9775DED845DB2D30C562170 /* Pods-BabylonDemoApp.debug.xcconfig */,
				47288AC1209510955D94DAE4 /* Pods-BabylonDemoApp.release.xcconfig */,
			);
			path = Pods;
			sourceTree = "<group>";
		};
		8F7FB49E2358AAD400E75BCE = {
			isa = PBXGroup;
			children = (
				8F7FB4A92358AAD400E75BCE /* BabylonDemoApp */,
				8F7FB4BE2358AAD500E75BCE /* BabylonDemoAppTests */,
				8F7FB4C92358AAD500E75BCE /* BabylonDemoAppUITests */,
				8F7FB4A82358AAD400E75BCE /* Products */,
				2DAD3B1341C1382072E56CED /* Pods */,
				9D9A183A39405ED9E17BC286 /* Frameworks */,
			);
			sourceTree = "<group>";
		};
		8F7FB4A82358AAD400E75BCE /* Products */ = {
			isa = PBXGroup;
			children = (
				8F7FB4A72358AAD400E75BCE /* BabylonDemoApp.app */,
				8F7FB4BB2358AAD500E75BCE /* BabylonDemoAppTests.xctest */,
				8F7FB4C62358AAD500E75BCE /* BabylonDemoAppUITests.xctest */,
			);
			name = Products;
			sourceTree = "<group>";
		};
		8F7FB4A92358AAD400E75BCE /* BabylonDemoApp */ = {
			isa = PBXGroup;
			children = (
				8FB182502359C15300292D94 /* Common */,
				8FB1824F2359C12700292D94 /* ViewControllers */,
				8FB1824E2359C11400292D94 /* Services */,
				8FB1824B2359C0D000292D94 /* Models */,
				8FB1824D2359C0ED00292D94 /* Presenters */,
				8FB1824C2359C0E800292D94 /* Views */,
				8F7FB4AA2358AAD400E75BCE /* AppDelegate.swift */,
				8F7FB4AE2358AAD400E75BCE /* Main.storyboard */,
				8F7FB4B12358AAD500E75BCE /* Assets.xcassets */,
				8F7FB4B32358AAD500E75BCE /* LaunchScreen.storyboard */,
				8F7FB4B62358AAD500E75BCE /* Info.plist */,
			);
			path = BabylonDemoApp;
			sourceTree = "<group>";
		};
		8F7FB4BE2358AAD500E75BCE /* BabylonDemoAppTests */ = {
			isa = PBXGroup;
			children = (
				8F7FB4BF2358AAD500E75BCE /* BabylonDemoAppTests.swift */,
				8F7FB4C12358AAD500E75BCE /* Info.plist */,
			);
			path = BabylonDemoAppTests;
			sourceTree = "<group>";
		};
		8F7FB4C92358AAD500E75BCE /* BabylonDemoAppUITests */ = {
			isa = PBXGroup;
			children = (
				8F7FB4CA2358AAD500E75BCE /* BabylonDemoAppUITests.swift */,
				8F7FB4CC2358AAD500E75BCE /* Info.plist */,
			);
			path = BabylonDemoAppUITests;
			sourceTree = "<group>";
		};
		8FB1824B2359C0D000292D94 /* Models */ = {
			isa = PBXGroup;
			children = (
			);
			path = Models;
			sourceTree = "<group>";
		};
		8FB1824C2359C0E800292D94 /* Views */ = {
			isa = PBXGroup;
			children = (
			);
			path = Views;
			sourceTree = "<group>";
		};
		8FB1824D2359C0ED00292D94 /* Presenters */ = {
			isa = PBXGroup;
			children = (
			);
			path = Presenters;
			sourceTree = "<group>";
		};
		8FB1824E2359C11400292D94 /* Services */ = {
			isa = PBXGroup;
			children = (
			);
			path = Services;
			sourceTree = "<group>";
		};
		8FB1824F2359C12700292D94 /* ViewControllers */ = {
			isa = PBXGroup;
			children = (
				8F7FB4AC2358AAD400E75BCE /* ViewController.swift */,
			);
			path = ViewControllers;
			sourceTree = "<group>";
		};
		8FB182502359C15300292D94 /* Common */ = {
			isa = PBXGroup;
			children = (
			);
			path = Common;
			sourceTree = "<group>";
		};
		9D9A183A39405ED9E17BC286 /* Frameworks */ = {
			isa = PBXGroup;
			children = (
				6E4CECB51F0BC9255A5893CB /* Pods_BabylonDemoApp.framework */,
			);
			name = Frameworks;
			sourceTree = "<group>";
		};
/* End PBXGroup section */

/* Begin PBXNativeTarget section */
		8F7FB4A62358AAD400E75BCE /* BabylonDemoApp */ = {
			isa = PBXNativeTarget;
			buildConfigurationList = 8F7FB4CF2358AAD500E75BCE /* Build configuration list for PBXNativeTarget "BabylonDemoApp" */;
			buildPhases = (
				220E0DC902A066B041DC0BCC /* [CP] Check Pods Manifest.lock */,
				8F7FB4A32358AAD400E75BCE /* Sources */,
				8F7FB4A42358AAD400E75BCE /* Frameworks */,
				8F7FB4A52358AAD400E75BCE /* Resources */,
				F158E3CC6FF734500305D5B3 /* [CP] Embed Pods Frameworks */,
			);
			buildRules = (
			);
			dependencies = (
			);
			name = BabylonDemoApp;
			productName = BabylonDemoApp;
			productReference = 8F7FB4A72358AAD400E75BCE /* BabylonDemoApp.app */;
			productType = "com.apple.product-type.application";
		};
		8F7FB4BA2358AAD500E75BCE /* BabylonDemoAppTests */ = {
			isa = PBXNativeTarget;
			buildConfigurationList = 8F7FB4D22358AAD500E75BCE /* Build configuration list for PBXNativeTarget "BabylonDemoAppTests" */;
			buildPhases = (
				8F7FB4B72358AAD500E75BCE /* Sources */,
				8F7FB4B82358AAD500E75BCE /* Frameworks */,
				8F7FB4B92358AAD500E75BCE /* Resources */,
			);
			buildRules = (
			);
			dependencies = (
				8F7FB4BD2358AAD500E75BCE /* PBXTargetDependency */,
			);
			name = BabylonDemoAppTests;
			productName = BabylonDemoAppTests;
			productReference = 8F7FB4BB2358AAD500E75BCE /* BabylonDemoAppTests.xctest */;
			productType = "com.apple.product-type.bundle.unit-test";
		};
		8F7FB4C52358AAD500E75BCE /* BabylonDemoAppUITests */ = {
			isa = PBXNativeTarget;
			buildConfigurationList = 8F7FB4D52358AAD500E75BCE /* Build configuration list for PBXNativeTarget "BabylonDemoAppUITests" */;
			buildPhases = (
				8F7FB4C22358AAD500E75BCE /* Sources */,
				8F7FB4C32358AAD500E75BCE /* Frameworks */,
				8F7FB4C42358AAD500E75BCE /* Resources */,
			);
			buildRules = (
			);
			dependencies = (
				8F7FB4C82358AAD500E75BCE /* PBXTargetDependency */,
			);
			name = BabylonDemoAppUITests;
			productName = BabylonDemoAppUITests;
			productReference = 8F7FB4C62358AAD500E75BCE /* BabylonDemoAppUITests.xctest */;
			productType = "com.apple.product-type.bundle.ui-testing";
		};
/* End PBXNativeTarget section */

/* Begin PBXProject section */
		8F7FB49F2358AAD400E75BCE /* Project object */ = {
			isa = PBXProject;
			attributes = {
				LastSwiftUpdateCheck = 1030;
				LastUpgradeCheck = 1030;
				ORGANIZATIONNAME = "Saman Badakhshan";
				TargetAttributes = {
					8F7FB4A62358AAD400E75BCE = {
						CreatedOnToolsVersion = 10.3;
					};
					8F7FB4BA2358AAD500E75BCE = {
						CreatedOnToolsVersion = 10.3;
						LastSwiftMigration = 1110;
						TestTargetID = 8F7FB4A62358AAD400E75BCE;
					};
					8F7FB4C52358AAD500E75BCE = {
						CreatedOnToolsVersion = 10.3;
						LastSwiftMigration = 1110;
						TestTargetID = 8F7FB4A62358AAD400E75BCE;
					};
				};
			};
			buildConfigurationList = 8F7FB4A22358AAD400E75BCE /* Build configuration list for PBXProject "BabylonDemoApp" */;
			compatibilityVersion = "Xcode 9.3";
			developmentRegion = en;
			hasScannedForEncodings = 0;
			knownRegions = (
				en,
				Base,
			);
			mainGroup = 8F7FB49E2358AAD400E75BCE;
			productRefGroup = 8F7FB4A82358AAD400E75BCE /* Products */;
			projectDirPath = "";
			projectRoot = "";
			targets = (
				8F7FB4A62358AAD400E75BCE /* BabylonDemoApp */,
				8F7FB4BA2358AAD500E75BCE /* BabylonDemoAppTests */,
				8F7FB4C52358AAD500E75BCE /* BabylonDemoAppUITests */,
			);
		};
/* End PBXProject section */

/* Begin PBXResourcesBuildPhase section */
		8F7FB4A52358AAD400E75BCE /* Resources */ = {
			isa = PBXResourcesBuildPhase;
			buildActionMask = 2147483647;
			files = (
				8F7FB4B52358AAD500E75BCE /* LaunchScreen.storyboard in Resources */,
				8F7FB4B22358AAD500E75BCE /* Assets.xcassets in Resources */,
				8F7FB4B02358AAD400E75BCE /* Main.storyboard in Resources */,
			);
			runOnlyForDeploymentPostprocessing = 0;
		};
		8F7FB4B92358AAD500E75BCE /* Resources */ = {
			isa = PBXResourcesBuildPhase;
			buildActionMask = 2147483647;
			files = (
			);
			runOnlyForDeploymentPostprocessing = 0;
		};
		8F7FB4C42358AAD500E75BCE /* Resources */ = {
			isa = PBXResourcesBuildPhase;
			buildActionMask = 2147483647;
			files = (
			);
			runOnlyForDeploymentPostprocessing = 0;
		};
/* End PBXResourcesBuildPhase section */

/* Begin PBXShellScriptBuildPhase section */
		220E0DC902A066B041DC0BCC /* [CP] Check Pods Manifest.lock */ = {
			isa = PBXShellScriptBuildPhase;
			buildActionMask = 2147483647;
			files = (
			);
			inputFileListPaths = (
			);
			inputPaths = (
				"${PODS_PODFILE_DIR_PATH}/Podfile.lock",
				"${PODS_ROOT}/Manifest.lock",
			);
			name = "[CP] Check Pods Manifest.lock";
			outputFileListPaths = (
			);
			outputPaths = (
				"$(DERIVED_FILE_DIR)/Pods-BabylonDemoApp-checkManifestLockResult.txt",
			);
			runOnlyForDeploymentPostprocessing = 0;
			shellPath = /bin/sh;
			shellScript = "diff \"${PODS_PODFILE_DIR_PATH}/Podfile.lock\" \"${PODS_ROOT}/Manifest.lock\" > /dev/null\nif [ $? != 0 ] ; then\n    # print error to STDERR\n    echo \"error: The sandbox is not in sync with the Podfile.lock. Run 'pod install' or update your CocoaPods installation.\" >&2\n    exit 1\nfi\n# This output is used by Xcode 'outputs' to avoid re-running this script phase.\necho \"SUCCESS\" > \"${SCRIPT_OUTPUT_FILE_0}\"\n";
			showEnvVarsInLog = 0;
		};
		F158E3CC6FF734500305D5B3 /* [CP] Embed Pods Frameworks */ = {
			isa = PBXShellScriptBuildPhase;
			buildActionMask = 2147483647;
			files = (
			);
			inputFileListPaths = (
				"${PODS_ROOT}/Target Support Files/Pods-BabylonDemoApp/Pods-BabylonDemoApp-frameworks-${CONFIGURATION}-input-files.xcfilelist",
			);
			name = "[CP] Embed Pods Frameworks";
			outputFileListPaths = (
				"${PODS_ROOT}/Target Support Files/Pods-BabylonDemoApp/Pods-BabylonDemoApp-frameworks-${CONFIGURATION}-output-files.xcfilelist",
			);
			runOnlyForDeploymentPostprocessing = 0;
			shellPath = /bin/sh;
			shellScript = "\"${PODS_ROOT}/Target Support Files/Pods-BabylonDemoApp/Pods-BabylonDemoApp-frameworks.sh\"\n";
			showEnvVarsInLog = 0;
		};
/* End PBXShellScriptBuildPhase section */

/* Begin PBXSourcesBuildPhase section */
		8F7FB4A32358AAD400E75BCE /* Sources */ = {
			isa = PBXSourcesBuildPhase;
			buildActionMask = 2147483647;
			files = (
				8F7FB4AD2358AAD400E75BCE /* ViewController.swift in Sources */,
				8F7FB4AB2358AAD400E75BCE /* AppDelegate.swift in Sources */,
			);
			runOnlyForDeploymentPostprocessing = 0;
		};
		8F7FB4B72358AAD500E75BCE /* Sources */ = {
			isa = PBXSourcesBuildPhase;
			buildActionMask = 2147483647;
			files = (
				8F7FB4C02358AAD500E75BCE /* BabylonDemoAppTests.swift in Sources */,
			);
			runOnlyForDeploymentPostprocessing = 0;
		};
		8F7FB4C22358AAD500E75BCE /* Sources */ = {
			isa = PBXSourcesBuildPhase;
			buildActionMask = 2147483647;
			files = (
				8F7FB4CB2358AAD500E75BCE /* BabylonDemoAppUITests.swift in Sources */,
			);
			runOnlyForDeploymentPostprocessing = 0;
		};
/* End PBXSourcesBuildPhase section */

/* Begin PBXTargetDependency section */
		8F7FB4BD2358AAD500E75BCE /* PBXTargetDependency */ = {
			isa = PBXTargetDependency;
			target = 8F7FB4A62358AAD400E75BCE /* BabylonDemoApp */;
			targetProxy = 8F7FB4BC2358AAD500E75BCE /* PBXContainerItemProxy */;
		};
		8F7FB4C82358AAD500E75BCE /* PBXTargetDependency */ = {
			isa = PBXTargetDependency;
			target = 8F7FB4A62358AAD400E75BCE /* BabylonDemoApp */;
			targetProxy = 8F7FB4C72358AAD500E75BCE /* PBXContainerItemProxy */;
		};
/* End PBXTargetDependency section */

/* Begin PBXVariantGroup section */
		8F7FB4AE2358AAD400E75BCE /* Main.storyboard */ = {
			isa = PBXVariantGroup;
			children = (
				8F7FB4AF2358AAD400E75BCE /* Base */,
			);
			name = Main.storyboard;
			sourceTree = "<group>";
		};
		8F7FB4B32358AAD500E75BCE /* LaunchScreen.storyboard */ = {
			isa = PBXVariantGroup;
			children = (
				8F7FB4B42358AAD500E75BCE /* Base */,
			);
			name = LaunchScreen.storyboard;
			sourceTree = "<group>";
		};
/* End PBXVariantGroup section */

/* Begin XCBuildConfiguration section */
		8F7FB4CD2358AAD500E75BCE /* Debug */ = {
			isa = XCBuildConfiguration;
			buildSettings = {
				ALWAYS_SEARCH_USER_PATHS = NO;
				CLANG_ANALYZER_NONNULL = YES;
				CLANG_ANALYZER_NUMBER_OBJECT_CONVERSION = YES_AGGRESSIVE;
				CLANG_CXX_LANGUAGE_STANDARD = "gnu++14";
				CLANG_CXX_LIBRARY = "libc++";
				CLANG_ENABLE_MODULES = YES;
				CLANG_ENABLE_OBJC_ARC = YES;
				CLANG_ENABLE_OBJC_WEAK = YES;
				CLANG_WARN_BLOCK_CAPTURE_AUTORELEASING = YES;
				CLANG_WARN_BOOL_CONVERSION = YES;
				CLANG_WARN_COMMA = YES;
				CLANG_WARN_CONSTANT_CONVERSION = YES;
				CLANG_WARN_DEPRECATED_OBJC_IMPLEMENTATIONS = YES;
				CLANG_WARN_DIRECT_OBJC_ISA_USAGE = YES_ERROR;
				CLANG_WARN_DOCUMENTATION_COMMENTS = YES;
				CLANG_WARN_EMPTY_BODY = YES;
				CLANG_WARN_ENUM_CONVERSION = YES;
				CLANG_WARN_INFINITE_RECURSION = YES;
				CLANG_WARN_INT_CONVERSION = YES;
				CLANG_WARN_NON_LITERAL_NULL_CONVERSION = YES;
				CLANG_WARN_OBJC_IMPLICIT_RETAIN_SELF = YES;
				CLANG_WARN_OBJC_LITERAL_CONVERSION = YES;
				CLANG_WARN_OBJC_ROOT_CLASS = YES_ERROR;
				CLANG_WARN_RANGE_LOOP_ANALYSIS = YES;
				CLANG_WARN_STRICT_PROTOTYPES = YES;
				CLANG_WARN_SUSPICIOUS_MOVE = YES;
				CLANG_WARN_UNGUARDED_AVAILABILITY = YES_AGGRESSIVE;
				CLANG_WARN_UNREACHABLE_CODE = YES;
				CLANG_WARN__DUPLICATE_METHOD_MATCH = YES;
				CODE_SIGN_IDENTITY = "iPhone Developer";
				COPY_PHASE_STRIP = NO;
				DEBUG_INFORMATION_FORMAT = dwarf;
				ENABLE_STRICT_OBJC_MSGSEND = YES;
				ENABLE_TESTABILITY = YES;
				GCC_C_LANGUAGE_STANDARD = gnu11;
				GCC_DYNAMIC_NO_PIC = NO;
				GCC_NO_COMMON_BLOCKS = YES;
				GCC_OPTIMIZATION_LEVEL = 0;
				GCC_PREPROCESSOR_DEFINITIONS = (
					"DEBUG=1",
					"$(inherited)",
				);
				GCC_WARN_64_TO_32_BIT_CONVERSION = YES;
				GCC_WARN_ABOUT_RETURN_TYPE = YES_ERROR;
				GCC_WARN_UNDECLARED_SELECTOR = YES;
				GCC_WARN_UNINITIALIZED_AUTOS = YES_AGGRESSIVE;
				GCC_WARN_UNUSED_FUNCTION = YES;
				GCC_WARN_UNUSED_VARIABLE = YES;
				IPHONEOS_DEPLOYMENT_TARGET = 12.4;
				MTL_ENABLE_DEBUG_INFO = INCLUDE_SOURCE;
				MTL_FAST_MATH = YES;
				ONLY_ACTIVE_ARCH = YES;
				SDKROOT = iphoneos;
				SWIFT_ACTIVE_COMPILATION_CONDITIONS = DEBUG;
				SWIFT_OPTIMIZATION_LEVEL = "-Onone";
			};
			name = Debug;
		};
		8F7FB4CE2358AAD500E75BCE /* Release */ = {
			isa = XCBuildConfiguration;
			buildSettings = {
				ALWAYS_SEARCH_USER_PATHS = NO;
				CLANG_ANALYZER_NONNULL = YES;
				CLANG_ANALYZER_NUMBER_OBJECT_CONVERSION = YES_AGGRESSIVE;
				CLANG_CXX_LANGUAGE_STANDARD = "gnu++14";
				CLANG_CXX_LIBRARY = "libc++";
				CLANG_ENABLE_MODULES = YES;
				CLANG_ENABLE_OBJC_ARC = YES;
				CLANG_ENABLE_OBJC_WEAK = YES;
				CLANG_WARN_BLOCK_CAPTURE_AUTORELEASING = YES;
				CLANG_WARN_BOOL_CONVERSION = YES;
				CLANG_WARN_COMMA = YES;
				CLANG_WARN_CONSTANT_CONVERSION = YES;
				CLANG_WARN_DEPRECATED_OBJC_IMPLEMENTATIONS = YES;
				CLANG_WARN_DIRECT_OBJC_ISA_USAGE = YES_ERROR;
				CLANG_WARN_DOCUMENTATION_COMMENTS = YES;
				CLANG_WARN_EMPTY_BODY = YES;
				CLANG_WARN_ENUM_CONVERSION = YES;
				CLANG_WARN_INFINITE_RECURSION = YES;
				CLANG_WARN_INT_CONVERSION = YES;
				CLANG_WARN_NON_LITERAL_NULL_CONVERSION = YES;
				CLANG_WARN_OBJC_IMPLICIT_RETAIN_SELF = YES;
				CLANG_WARN_OBJC_LITERAL_CONVERSION = YES;
				CLANG_WARN_OBJC_ROOT_CLASS = YES_ERROR;
				CLANG_WARN_RANGE_LOOP_ANALYSIS = YES;
				CLANG_WARN_STRICT_PROTOTYPES = YES;
				CLANG_WARN_SUSPICIOUS_MOVE = YES;
				CLANG_WARN_UNGUARDED_AVAILABILITY = YES_AGGRESSIVE;
				CLANG_WARN_UNREACHABLE_CODE = YES;
				CLANG_WARN__DUPLICATE_METHOD_MATCH = YES;
				CODE_SIGN_IDENTITY = "iPhone Developer";
				COPY_PHASE_STRIP = NO;
				DEBUG_INFORMATION_FORMAT = "dwarf-with-dsym";
				ENABLE_NS_ASSERTIONS = NO;
				ENABLE_STRICT_OBJC_MSGSEND = YES;
				GCC_C_LANGUAGE_STANDARD = gnu11;
				GCC_NO_COMMON_BLOCKS = YES;
				GCC_WARN_64_TO_32_BIT_CONVERSION = YES;
				GCC_WARN_ABOUT_RETURN_TYPE = YES_ERROR;
				GCC_WARN_UNDECLARED_SELECTOR = YES;
				GCC_WARN_UNINITIALIZED_AUTOS = YES_AGGRESSIVE;
				GCC_WARN_UNUSED_FUNCTION = YES;
				GCC_WARN_UNUSED_VARIABLE = YES;
				IPHONEOS_DEPLOYMENT_TARGET = 12.4;
				MTL_ENABLE_DEBUG_INFO = NO;
				MTL_FAST_MATH = YES;
				SDKROOT = iphoneos;
				SWIFT_COMPILATION_MODE = wholemodule;
				SWIFT_OPTIMIZATION_LEVEL = "-O";
				VALIDATE_PRODUCT = YES;
			};
			name = Release;
		};
		8F7FB4D02358AAD500E75BCE /* Debug */ = {
			isa = XCBuildConfiguration;
			baseConfigurationReference = F9775DED845DB2D30C562170 /* Pods-BabylonDemoApp.debug.xcconfig */;
			buildSettings = {
				ASSETCATALOG_COMPILER_APPICON_NAME = AppIcon;
				CODE_SIGN_STYLE = Automatic;
				DEVELOPMENT_TEAM = JN3KGSH4SJ;
				INFOPLIST_FILE = BabylonDemoApp/Info.plist;
				LD_RUNPATH_SEARCH_PATHS = (
					"$(inherited)",
					"@executable_path/Frameworks",
				);
				PRODUCT_BUNDLE_IDENTIFIER = com.saman.BabylonDemoApp;
				PRODUCT_NAME = "$(TARGET_NAME)";
				SWIFT_VERSION = 5.0;
				TARGETED_DEVICE_FAMILY = "1,2";
			};
			name = Debug;
		};
		8F7FB4D12358AAD500E75BCE /* Release */ = {
			isa = XCBuildConfiguration;
			baseConfigurationReference = 47288AC1209510955D94DAE4 /* Pods-BabylonDemoApp.release.xcconfig */;
			buildSettings = {
				ASSETCATALOG_COMPILER_APPICON_NAME = AppIcon;
				CODE_SIGN_STYLE = Automatic;
				DEVELOPMENT_TEAM = JN3KGSH4SJ;
				INFOPLIST_FILE = BabylonDemoApp/Info.plist;
				LD_RUNPATH_SEARCH_PATHS = (
					"$(inherited)",
					"@executable_path/Frameworks",
				);
				PRODUCT_BUNDLE_IDENTIFIER = com.saman.BabylonDemoApp;
				PRODUCT_NAME = "$(TARGET_NAME)";
				SWIFT_VERSION = 5.0;
				TARGETED_DEVICE_FAMILY = "1,2";
			};
			name = Release;
		};
		8F7FB4D32358AAD500E75BCE /* Debug */ = {
			isa = XCBuildConfiguration;
			buildSettings = {
				ALWAYS_EMBED_SWIFT_STANDARD_LIBRARIES = YES;
				BUNDLE_LOADER = "$(TEST_HOST)";
				CODE_SIGN_STYLE = Automatic;
				INFOPLIST_FILE = BabylonDemoAppTests/Info.plist;
				LD_RUNPATH_SEARCH_PATHS = (
					"$(inherited)",
					"@executable_path/Frameworks",
					"@loader_path/Frameworks",
				);
				PRODUCT_BUNDLE_IDENTIFIER = com.saman.BabylonDemoAppTests;
				PRODUCT_NAME = "$(TARGET_NAME)";
				SWIFT_VERSION = 5.0;
				TARGETED_DEVICE_FAMILY = "1,2";
				TEST_HOST = "$(BUILT_PRODUCTS_DIR)/BabylonDemoApp.app/BabylonDemoApp";
			};
			name = Debug;
		};
		8F7FB4D42358AAD500E75BCE /* Release */ = {
			isa = XCBuildConfiguration;
			buildSettings = {
				ALWAYS_EMBED_SWIFT_STANDARD_LIBRARIES = YES;
				BUNDLE_LOADER = "$(TEST_HOST)";
				CODE_SIGN_STYLE = Automatic;
				INFOPLIST_FILE = BabylonDemoAppTests/Info.plist;
				LD_RUNPATH_SEARCH_PATHS = (
					"$(inherited)",
					"@executable_path/Frameworks",
					"@loader_path/Frameworks",
				);
				PRODUCT_BUNDLE_IDENTIFIER = com.saman.BabylonDemoAppTests;
				PRODUCT_NAME = "$(TARGET_NAME)";
				SWIFT_VERSION = 5.0;
				TARGETED_DEVICE_FAMILY = "1,2";
				TEST_HOST = "$(BUILT_PRODUCTS_DIR)/BabylonDemoApp.app/BabylonDemoApp";
			};
			name = Release;
		};
		8F7FB4D62358AAD500E75BCE /* Debug */ = {
			isa = XCBuildConfiguration;
			buildSettings = {
				ALWAYS_EMBED_SWIFT_STANDARD_LIBRARIES = YES;
				CODE_SIGN_STYLE = Automatic;
				INFOPLIST_FILE = BabylonDemoAppUITests/Info.plist;
				LD_RUNPATH_SEARCH_PATHS = (
					"$(inherited)",
					"@executable_path/Frameworks",
					"@loader_path/Frameworks",
				);
				PRODUCT_BUNDLE_IDENTIFIER = com.saman.BabylonDemoAppUITests;
				PRODUCT_NAME = "$(TARGET_NAME)";
				SWIFT_VERSION = 5.0;
				TARGETED_DEVICE_FAMILY = "1,2";
				TEST_TARGET_NAME = BabylonDemoApp;
			};
			name = Debug;
		};
		8F7FB4D72358AAD500E75BCE /* Release */ = {
			isa = XCBuildConfiguration;
			buildSettings = {
				ALWAYS_EMBED_SWIFT_STANDARD_LIBRARIES = YES;
				CODE_SIGN_STYLE = Automatic;
				INFOPLIST_FILE = BabylonDemoAppUITests/Info.plist;
				LD_RUNPATH_SEARCH_PATHS = (
					"$(inherited)",
					"@executable_path/Frameworks",
					"@loader_path/Frameworks",
				);
				PRODUCT_BUNDLE_IDENTIFIER = com.saman.BabylonDemoAppUITests;
				PRODUCT_NAME = "$(TARGET_NAME)";
				SWIFT_VERSION = 5.0;
				TARGETED_DEVICE_FAMILY = "1,2";
				TEST_TARGET_NAME = BabylonDemoApp;
			};
			name = Release;
		};
/* End XCBuildConfiguration section */

/* Begin XCConfigurationList section */
		8F7FB4A22358AAD400E75BCE /* Build configuration list for PBXProject "BabylonDemoApp" */ = {
			isa = XCConfigurationList;
			buildConfigurations = (
				8F7FB4CD2358AAD500E75BCE /* Debug */,
				8F7FB4CE2358AAD500E75BCE /* Release */,
			);
			defaultConfigurationIsVisible = 0;
			defaultConfigurationName = Release;
		};
		8F7FB4CF2358AAD500E75BCE /* Build configuration list for PBXNativeTarget "BabylonDemoApp" */ = {
			isa = XCConfigurationList;
			buildConfigurations = (
				8F7FB4D02358AAD500E75BCE /* Debug */,
				8F7FB4D12358AAD500E75BCE /* Release */,
			);
			defaultConfigurationIsVisible = 0;
			defaultConfigurationName = Release;
		};
		8F7FB4D22358AAD500E75BCE /* Build configuration list for PBXNativeTarget "BabylonDemoAppTests" */ = {
			isa = XCConfigurationList;
			buildConfigurations = (
				8F7FB4D32358AAD500E75BCE /* Debug */,
				8F7FB4D42358AAD500E75BCE /* Release */,
			);
			defaultConfigurationIsVisible = 0;
			defaultConfigurationName = Release;
		};
		8F7FB4D52358AAD500E75BCE /* Build configuration list for PBXNativeTarget "BabylonDemoAppUITests" */ = {
			isa = XCConfigurationList;
			buildConfigurations = (
				8F7FB4D62358AAD500E75BCE /* Debug */,
				8F7FB4D72358AAD500E75BCE /* Release */,
			);
			defaultConfigurationIsVisible = 0;
			defaultConfigurationName = Release;
		};
/* End XCConfigurationList section */
	};
	rootObject = 8F7FB49F2358AAD400E75BCE /* Project object */;
}
